
Microsoft Visual Studio Solution File, Format Version 12.00
# Visual Studio Version 16
VisualStudioVersion = 16.0.30523.141
MinimumVisualStudioVersion = 10.0.40219.1
Project("{FAE04EC0-301F-11D3-BF4B-00C04F79EFBC}") = "SAMInterface", "SAMInterface\SAMInterface.csproj", "{F5027C1B-AFDF-46BB-B3CC-6B032F780F8E}"
EndProject
Global
	GlobalSection(SolutionConfigurationPlatforms) = preSolution
		Debug|Any CPU = Debug|Any CPU
		Release|Any CPU = Release|Any CPU
	EndGlobalSection
	GlobalSection(ProjectConfigurationPlatforms) = postSolution
		{F5027C1B-AFDF-46BB-B3CC-6B032F780F8E}.Debug|Any CPU.ActiveCfg = Debug|Any CPU
		{F5027C1B-AFDF-46BB-B3CC-6B032F780F8E}.Debug|Any CPU.Build.0 = Debug|Any CPU
		{F5027C1B-AFDF-46BB-B3CC-6B032F780F8E}.Release|Any CPU.ActiveCfg = Release|Any CPU
		{F5027C1B-AFDF-46BB-B3CC-6B032F780F8E}.Release|Any CPU.Build.0 = Release|Any CPU
	EndGlobalSection
	GlobalSection(SolutionProperties) = preSolution
		HideSolutionNode = FALSE
	EndGlobalSection
	GlobalSection(ExtensibilityGlobals) = postSolution
		SolutionGuid = {61EC5421-E71E-4405-88C5-B750C1E16738}
	EndGlobalSection
EndGlobal
